// !$*UTF8*$!
{
	archiveVersion = 1;
	classes = {
	};
	objectVersion = 46;
	objects = {

/* Begin PBXBuildFile section */
		BC2DC15816BBB78A00E5E832 /* UIKit.framework in Frameworks */ = {isa = PBXBuildFile; fileRef = BC2DC15716BBB78A00E5E832 /* UIKit.framework */; };
		BC2DC15A16BBB78A00E5E832 /* Foundation.framework in Frameworks */ = {isa = PBXBuildFile; fileRef = BC2DC15916BBB78A00E5E832 /* Foundation.framework */; };
		BC2DC15C16BBB78A00E5E832 /* CoreGraphics.framework in Frameworks */ = {isa = PBXBuildFile; fileRef = BC2DC15B16BBB78A00E5E832 /* CoreGraphics.framework */; };
		BC2DC16216BBB78A00E5E832 /* InfoPlist.strings in Resources */ = {isa = PBXBuildFile; fileRef = BC2DC16016BBB78A00E5E832 /* InfoPlist.strings */; };
		BC2DC16416BBB78A00E5E832 /* main.m in Sources */ = {isa = PBXBuildFile; fileRef = BC2DC16316BBB78A00E5E832 /* main.m */; };
		BC2DC16816BBB78A00E5E832 /* AppDelegate.m in Sources */ = {isa = PBXBuildFile; fileRef = BC2DC16716BBB78A00E5E832 /* AppDelegate.m */; };
		BC2DC16A16BBB78B00E5E832 /* Default.png in Resources */ = {isa = PBXBuildFile; fileRef = BC2DC16916BBB78B00E5E832 /* Default.png */; };
		BC2DC16C16BBB78B00E5E832 /* Default@2x.png in Resources */ = {isa = PBXBuildFile; fileRef = BC2DC16B16BBB78B00E5E832 /* Default@2x.png */; };
		BC2DC16E16BBB78B00E5E832 /* Default-568h@2x.png in Resources */ = {isa = PBXBuildFile; fileRef = BC2DC16D16BBB78B00E5E832 /* Default-568h@2x.png */; };
		BC2DC17116BBB78B00E5E832 /* ViewController.m in Sources */ = {isa = PBXBuildFile; fileRef = BC2DC17016BBB78B00E5E832 /* ViewController.m */; };
		BC2DC17416BBB78B00E5E832 /* ViewController.xib in Resources */ = {isa = PBXBuildFile; fileRef = BC2DC17216BBB78B00E5E832 /* ViewController.xib */; };
/* End PBXBuildFile section */

/* Begin PBXFileReference section */
		BC2DC15316BBB78A00E5E832 /* quartz2d-demo.app */ = {isa = PBXFileReference; explicitFileType = wrapper.application; includeInIndex = 0; path = "quartz2d-demo.app"; sourceTree = BUILT_PRODUCTS_DIR; };
		BC2DC15716BBB78A00E5E832 /* UIKit.framework */ = {isa = PBXFileReference; lastKnownFileType = wrapper.framework; name = UIKit.framework; path = System/Library/Frameworks/UIKit.framework; sourceTree = SDKROOT; };
		BC2DC15916BBB78A00E5E832 /* Foundation.framework */ = {isa = PBXFileReference; lastKnownFileType = wrapper.framework; name = Foundation.framework; path = System/Library/Frameworks/Foundation.framework; sourceTree = SDKROOT; };
		BC2DC15B16BBB78A00E5E832 /* CoreGraphics.framework */ = {isa = PBXFileReference; lastKnownFileType = wrapper.framework; name = CoreGraphics.framework; path = System/Library/Frameworks/CoreGraphics.framework; sourceTree = SDKROOT; };
		BC2DC15F16BBB78A00E5E832 /* quartz2d-demo-Info.plist */ = {isa = PBXFileReference; lastKnownFileType = text.plist.xml; path = "quartz2d-demo-Info.plist"; sourceTree = "<group>"; };
		BC2DC16116BBB78A00E5E832 /* en */ = {isa = PBXFileReference; lastKnownFileType = text.plist.strings; name = en; path = en.lproj/InfoPlist.strings; sourceTree = "<group>"; };
		BC2DC16316BBB78A00E5E832 /* main.m */ = {isa = PBXFileReference; lastKnownFileType = sourcecode.c.objc; path = main.m; sourceTree = "<group>"; };
		BC2DC16516BBB78A00E5E832 /* quartz2d-demo-Prefix.pch */ = {isa = PBXFileReference; lastKnownFileType = sourcecode.c.h; path = "quartz2d-demo-Prefix.pch"; sourceTree = "<group>"; };
		BC2DC16616BBB78A00E5E832 /* AppDelegate.h */ = {isa = PBXFileReference; lastKnownFileType = sourcecode.c.h; path = AppDelegate.h; sourceTree = "<group>"; };
		BC2DC16716BBB78A00E5E832 /* AppDelegate.m */ = {isa = PBXFileReference; lastKnownFileType = sourcecode.c.objc; path = AppDelegate.m; sourceTree = "<group>"; };
		BC2DC16916BBB78B00E5E832 /* Default.png */ = {isa = PBXFileReference; lastKnownFileType = image.png; path = Default.png; sourceTree = "<group>"; };
		BC2DC16B16BBB78B00E5E832 /* Default@2x.png */ = {isa = PBXFileReference; lastKnownFileType = image.png; path = "Default@2x.png"; sourceTree = "<group>"; };
		BC2DC16D16BBB78B00E5E832 /* Default-568h@2x.png */ = {isa = PBXFileReference; lastKnownFileType = image.png; path = "Default-568h@2x.png"; sourceTree = "<group>"; };
		BC2DC16F16BBB78B00E5E832 /* ViewController.h */ = {isa = PBXFileReference; lastKnownFileType = sourcecode.c.h; path = ViewController.h; sourceTree = "<group>"; };
		BC2DC17016BBB78B00E5E832 /* ViewController.m */ = {isa = PBXFileReference; lastKnownFileType = sourcecode.c.objc; path = ViewController.m; sourceTree = "<group>"; };
		BC2DC17316BBB78B00E5E832 /* en */ = {isa = PBXFileReference; lastKnownFileType = file.xib; name = en; path = en.lproj/ViewController.xib; sourceTree = "<group>"; };
/* End PBXFileReference section */

/* Begin PBXFrameworksBuildPhase section */
		BC2DC15016BBB78A00E5E832 /* Frameworks */ = {
			isa = PBXFrameworksBuildPhase;
			buildActionMask = 2147483647;
			files = (
				BC2DC15816BBB78A00E5E832 /* UIKit.framework in Frameworks */,
				BC2DC15A16BBB78A00E5E832 /* Foundation.framework in Frameworks */,
				BC2DC15C16BBB78A00E5E832 /* CoreGraphics.framework in Frameworks */,
			);
			runOnlyForDeploymentPostprocessing = 0;
		};
/* End PBXFrameworksBuildPhase section */

/* Begin PBXGroup section */
		BC2DC14816BBB78A00E5E832 = {
			isa = PBXGroup;
			children = (
				BC2DC15D16BBB78A00E5E832 /* quartz2d-demo */,
				BC2DC15616BBB78A00E5E832 /* Frameworks */,
				BC2DC15416BBB78A00E5E832 /* Products */,
			);
			sourceTree = "<group>";
		};
		BC2DC15416BBB78A00E5E832 /* Products */ = {
			isa = PBXGroup;
			children = (
				BC2DC15316BBB78A00E5E832 /* quartz2d-demo.app */,
			);
			name = Products;
			sourceTree = "<group>";
		};
		BC2DC15616BBB78A00E5E832 /* Frameworks */ = {
			isa = PBXGroup;
			children = (
				BC2DC15716BBB78A00E5E832 /* UIKit.framework */,
				BC2DC15916BBB78A00E5E832 /* Foundation.framework */,
				BC2DC15B16BBB78A00E5E832 /* CoreGraphics.framework */,
			);
			name = Frameworks;
			sourceTree = "<group>";
		};
		BC2DC15D16BBB78A00E5E832 /* quartz2d-demo */ = {
			isa = PBXGroup;
			children = (
				BC2DC16616BBB78A00E5E832 /* AppDelegate.h */,
				BC2DC16716BBB78A00E5E832 /* AppDelegate.m */,
				BC2DC16F16BBB78B00E5E832 /* ViewController.h */,
				BC2DC17016BBB78B00E5E832 /* ViewController.m */,
				BC2DC17216BBB78B00E5E832 /* ViewController.xib */,
				BC2DC15E16BBB78A00E5E832 /* Supporting Files */,
			);
			path = "quartz2d-demo";
			sourceTree = "<group>";
		};
		BC2DC15E16BBB78A00E5E832 /* Supporting Files */ = {
			isa = PBXGroup;
			children = (
				BC2DC15F16BBB78A00E5E832 /* quartz2d-demo-Info.plist */,
				BC2DC16016BBB78A00E5E832 /* InfoPlist.strings */,
				BC2DC16316BBB78A00E5E832 /* main.m */,
				BC2DC16516BBB78A00E5E832 /* quartz2d-demo-Prefix.pch */,
				BC2DC16916BBB78B00E5E832 /* Default.png */,
				BC2DC16B16BBB78B00E5E832 /* Default@2x.png */,
				BC2DC16D16BBB78B00E5E832 /* Default-568h@2x.png */,
			);
			name = "Supporting Files";
			sourceTree = "<group>";
		};
/* End PBXGroup section */

/* Begin PBXNativeTarget section */
		BC2DC15216BBB78A00E5E832 /* quartz2d-demo */ = {
			isa = PBXNativeTarget;
			buildConfigurationList = BC2DC17716BBB78B00E5E832 /* Build configuration list for PBXNativeTarget "quartz2d-demo" */;
			buildPhases = (
				BC2DC14F16BBB78A00E5E832 /* Sources */,
				BC2DC15016BBB78A00E5E832 /* Frameworks */,
				BC2DC15116BBB78A00E5E832 /* Resources */,
			);
			buildRules = (
			);
			dependencies = (
			);
			name = "quartz2d-demo";
			productName = "quartz2d-demo";
			productReference = BC2DC15316BBB78A00E5E832 /* quartz2d-demo.app */;
			productType = "com.apple.product-type.application";
		};
/* End PBXNativeTarget section */

/* Begin PBXProject section */
		BC2DC14A16BBB78A00E5E832 /* Project object */ = {
			isa = PBXProject;
			attributes = {
				LastUpgradeCheck = 0450;
				ORGANIZATIONNAME = holyen.com;
			};
			buildConfigurationList = BC2DC14D16BBB78A00E5E832 /* Build configuration list for PBXProject "quartz2d-demo" */;
			compatibilityVersion = "Xcode 3.2";
			developmentRegion = English;
			hasScannedForEncodings = 0;
			knownRegions = (
				en,
			);
			mainGroup = BC2DC14816BBB78A00E5E832;
			productRefGroup = BC2DC15416BBB78A00E5E832 /* Products */;
			projectDirPath = "";
			projectRoot = "";
			targets = (
				BC2DC15216BBB78A00E5E832 /* quartz2d-demo */,
			);
		};
/* End PBXProject section */

/* Begin PBXResourcesBuildPhase section */
		BC2DC15116BBB78A00E5E832 /* Resources */ = {
			isa = PBXResourcesBuildPhase;
			buildActionMask = 2147483647;
			files = (
				BC2DC16216BBB78A00E5E832 /* InfoPlist.strings in Resources */,
				BC2DC16A16BBB78B00E5E832 /* Default.png in Resources */,
				BC2DC16C16BBB78B00E5E832 /* Default@2x.png in Resources */,
				BC2DC16E16BBB78B00E5E832 /* Default-568h@2x.png in Resources */,
				BC2DC17416BBB78B00E5E832 /* ViewController.xib in Resources */,
			);
			runOnlyForDeploymentPostprocessing = 0;
		};
/* End PBXResourcesBuildPhase section */

/* Begin PBXSourcesBuildPhase section */
		BC2DC14F16BBB78A00E5E832 /* Sources */ = {
			isa = PBXSourcesBuildPhase;
			buildActionMask = 2147483647;
			files = (
				BC2DC16416BBB78A00E5E832 /* main.m in Sources */,
				BC2DC16816BBB78A00E5E832 /* AppDelegate.m in Sources */,
				BC2DC17116BBB78B00E5E832 /* ViewController.m in Sources */,
			);
			runOnlyForDeploymentPostprocessing = 0;
		};
/* End PBXSourcesBuildPhase section */

/* Begin PBXVariantGroup section */
		BC2DC16016BBB78A00E5E832 /* InfoPlist.strings */ = {
			isa = PBXVariantGroup;
			children = (
				BC2DC16116BBB78A00E5E832 /* en */,
			);
			name = InfoPlist.strings;
			sourceTree = "<group>";
		};
		BC2DC17216BBB78B00E5E832 /* ViewController.xib */ = {
			isa = PBXVariantGroup;
			children = (
				BC2DC17316BBB78B00E5E832 /* en */,
			);
			name = ViewController.xib;
			sourceTree = "<group>";
		};
/* End PBXVariantGroup section */

/* Begin XCBuildConfiguration section */
		BC2DC17516BBB78B00E5E832 /* Debug */ = {
			isa = XCBuildConfiguration;
			buildSettings = {
				ALWAYS_SEARCH_USER_PATHS = NO;
				CLANG_CXX_LANGUAGE_STANDARD = "gnu++0x";
				CLANG_CXX_LIBRARY = "libc++";
				CLANG_WARN_EMPTY_BODY = YES;
				CLANG_WARN__DUPLICATE_METHOD_MATCH = YES;
				"CODE_SIGN_IDENTITY[sdk=iphoneos*]" = "iPhone Developer";
				COPY_PHASE_STRIP = NO;
				GCC_C_LANGUAGE_STANDARD = gnu99;
				GCC_DYNAMIC_NO_PIC = NO;
				GCC_OPTIMIZATION_LEVEL = 0;
				GCC_PREPROCESSOR_DEFINITIONS = (
					"DEBUG=1",
					"$(inherited)",
				);
				GCC_SYMBOLS_PRIVATE_EXTERN = NO;
				GCC_WARN_ABOUT_RETURN_TYPE = YES;
				GCC_WARN_UNINITIALIZED_AUTOS = YES;
				GCC_WARN_UNUSED_VARIABLE = YES;
				IPHONEOS_DEPLOYMENT_TARGET = 6.0;
				ONLY_ACTIVE_ARCH = YES;
				SDKROOT = iphoneos;
			};
			name = Debug;
		};
		BC2DC17616BBB78B00E5E832 /* Release */ = {
			isa = XCBuildConfiguration;
			buildSettings = {
				ALWAYS_SEARCH_USER_PATHS = NO;
				CLANG_CXX_LANGUAGE_STANDARD = "gnu++0x";
				CLANG_CXX_LIBRARY = "libc++";
				CLANG_WARN_EMPTY_BODY = YES;
				CLANG_WARN__DUPLICATE_METHOD_MATCH = YES;
				"CODE_SIGN_IDENTITY[sdk=iphoneos*]" = "iPhone Developer";
				COPY_PHASE_STRIP = YES;
				GCC_C_LANGUAGE_STANDARD = gnu99;
				GCC_WARN_ABOUT_RETURN_TYPE = YES;
				GCC_WARN_UNINITIALIZED_AUTOS = YES;
				GCC_WARN_UNUSED_VARIABLE = YES;
				IPHONEOS_DEPLOYMENT_TARGET = 6.0;
				OTHER_CFLAGS = "-DNS_BLOCK_ASSERTIONS=1";
				SDKROOT = iphoneos;
				VALIDATE_PRODUCT = YES;
			};
			name = Release;
		};
		BC2DC17816BBB78B00E5E832 /* Debug */ = {
			isa = XCBuildConfiguration;
			buildSettings = {
				GCC_PRECOMPILE_PREFIX_HEADER = YES;
				GCC_PREFIX_HEADER = "quartz2d-demo/quartz2d-demo-Prefix.pch";
				INFOPLIST_FILE = "quartz2d-demo/quartz2d-demo-Info.plist";
				PRODUCT_NAME = "$(TARGET_NAME)";
				WRAPPER_EXTENSION = app;
			};
			name = Debug;
		};
		BC2DC17916BBB78B00E5E832 /* Release */ = {
			isa = XCBuildConfiguration;
			buildSettings = {
				GCC_PRECOMPILE_PREFIX_HEADER = YES;
				GCC_PREFIX_HEADER = "quartz2d-demo/quartz2d-demo-Prefix.pch";
				INFOPLIST_FILE = "quartz2d-demo/quartz2d-demo-Info.plist";
				PRODUCT_NAME = "$(TARGET_NAME)";
				WRAPPER_EXTENSION = app;
			};
			name = Release;
		};
/* End XCBuildConfiguration section */

/* Begin XCConfigurationList section */
		BC2DC14D16BBB78A00E5E832 /* Build configuration list for PBXProject "quartz2d-demo" */ = {
			isa = XCConfigurationList;
			buildConfigurations = (
				BC2DC17516BBB78B00E5E832 /* Debug */,
				BC2DC17616BBB78B00E5E832 /* Release */,
			);
			defaultConfigurationIsVisible = 0;
			defaultConfigurationName = Release;
		};
		BC2DC17716BBB78B00E5E832 /* Build configuration list for PBXNativeTarget "quartz2d-demo" */ = {
			isa = XCConfigurationList;
			buildConfigurations = (
				BC2DC17816BBB78B00E5E832 /* Debug */,
				BC2DC17916BBB78B00E5E832 /* Release */,
			);
			defaultConfigurationIsVisible = 0;
		};
/* End XCConfigurationList section */
	};
	rootObject = BC2DC14A16BBB78A00E5E832 /* Project object */;
}
